// !$*UTF8*$!
{
	archiveVersion = 1;
	classes = {
	};
	objectVersion = 48;
	objects = {

/* Begin PBXBuildFile section */
		4DE44B941FBCB99700D5A947 /* AppDelegate.swift in Sources */ = {isa = PBXBuildFile; fileRef = 4DE44B931FBCB99700D5A947 /* AppDelegate.swift */; };
		4DE44B961FBCB99800D5A947 /* ViewController.swift in Sources */ = {isa = PBXBuildFile; fileRef = 4DE44B951FBCB99800D5A947 /* ViewController.swift */; };
		4DE44B991FBCB99800D5A947 /* Main.storyboard in Resources */ = {isa = PBXBuildFile; fileRef = 4DE44B971FBCB99800D5A947 /* Main.storyboard */; };
		4DE44B9B1FBCB99800D5A947 /* Assets.xcassets in Resources */ = {isa = PBXBuildFile; fileRef = 4DE44B9A1FBCB99800D5A947 /* Assets.xcassets */; };
		4DE44B9E1FBCB99800D5A947 /* LaunchScreen.storyboard in Resources */ = {isa = PBXBuildFile; fileRef = 4DE44B9C1FBCB99800D5A947 /* LaunchScreen.storyboard */; };
		4DE44BA91FBCB99800D5A947 /* Twitter_testTests.swift in Sources */ = {isa = PBXBuildFile; fileRef = 4DE44BA81FBCB99800D5A947 /* Twitter_testTests.swift */; };
		4DE44BB41FBCB99800D5A947 /* Twitter_testUITests.swift in Sources */ = {isa = PBXBuildFile; fileRef = 4DE44BB31FBCB99800D5A947 /* Twitter_testUITests.swift */; };
/* End PBXBuildFile section */

/* Begin PBXContainerItemProxy section */
		4DE44BA51FBCB99800D5A947 /* PBXContainerItemProxy */ = {
			isa = PBXContainerItemProxy;
			containerPortal = 4DE44B881FBCB99700D5A947 /* Project object */;
			proxyType = 1;
			remoteGlobalIDString = 4DE44B8F1FBCB99700D5A947;
			remoteInfo = Twitter_test;
		};
		4DE44BB01FBCB99800D5A947 /* PBXContainerItemProxy */ = {
			isa = PBXContainerItemProxy;
			containerPortal = 4DE44B881FBCB99700D5A947 /* Project object */;
			proxyType = 1;
			remoteGlobalIDString = 4DE44B8F1FBCB99700D5A947;
			remoteInfo = Twitter_test;
		};
/* End PBXContainerItemProxy section */

/* Begin PBXFileReference section */
		4DE44B901FBCB99700D5A947 /* Twitter_test.app */ = {isa = PBXFileReference; explicitFileType = wrapper.application; includeInIndex = 0; path = Twitter_test.app; sourceTree = BUILT_PRODUCTS_DIR; };
		4DE44B931FBCB99700D5A947 /* AppDelegate.swift */ = {isa = PBXFileReference; lastKnownFileType = sourcecode.swift; path = AppDelegate.swift; sourceTree = "<group>"; };
		4DE44B951FBCB99800D5A947 /* ViewController.swift */ = {isa = PBXFileReference; lastKnownFileType = sourcecode.swift; path = ViewController.swift; sourceTree = "<group>"; };
		4DE44B981FBCB99800D5A947 /* Base */ = {isa = PBXFileReference; lastKnownFileType = file.storyboard; name = Base; path = Base.lproj/Main.storyboard; sourceTree = "<group>"; };
		4DE44B9A1FBCB99800D5A947 /* Assets.xcassets */ = {isa = PBXFileReference; lastKnownFileType = folder.assetcatalog; path = Assets.xcassets; sourceTree = "<group>"; };
		4DE44B9D1FBCB99800D5A947 /* Base */ = {isa = PBXFileReference; lastKnownFileType = file.storyboard; name = Base; path = Base.lproj/LaunchScreen.storyboard; sourceTree = "<group>"; };
		4DE44B9F1FBCB99800D5A947 /* Info.plist */ = {isa = PBXFileReference; lastKnownFileType = text.plist.xml; path = Info.plist; sourceTree = "<group>"; };
		4DE44BA41FBCB99800D5A947 /* Twitter_testTests.xctest */ = {isa = PBXFileReference; explicitFileType = wrapper.cfbundle; includeInIndex = 0; path = Twitter_testTests.xctest; sourceTree = BUILT_PRODUCTS_DIR; };
		4DE44BA81FBCB99800D5A947 /* Twitter_testTests.swift */ = {isa = PBXFileReference; lastKnownFileType = sourcecode.swift; path = Twitter_testTests.swift; sourceTree = "<group>"; };
		4DE44BAA1FBCB99800D5A947 /* Info.plist */ = {isa = PBXFileReference; lastKnownFileType = text.plist.xml; path = Info.plist; sourceTree = "<group>"; };
		4DE44BAF1FBCB99800D5A947 /* Twitter_testUITests.xctest */ = {isa = PBXFileReference; explicitFileType = wrapper.cfbundle; includeInIndex = 0; path = Twitter_testUITests.xctest; sourceTree = BUILT_PRODUCTS_DIR; };
		4DE44BB31FBCB99800D5A947 /* Twitter_testUITests.swift */ = {isa = PBXFileReference; lastKnownFileType = sourcecode.swift; path = Twitter_testUITests.swift; sourceTree = "<group>"; };
		4DE44BB51FBCB99800D5A947 /* Info.plist */ = {isa = PBXFileReference; lastKnownFileType = text.plist.xml; path = Info.plist; sourceTree = "<group>"; };
/* End PBXFileReference section */

/* Begin PBXFrameworksBuildPhase section */
		4DE44B8D1FBCB99700D5A947 /* Frameworks */ = {
			isa = PBXFrameworksBuildPhase;
			buildActionMask = 2147483647;
			files = (
			);
			runOnlyForDeploymentPostprocessing = 0;
		};
		4DE44BA11FBCB99800D5A947 /* Frameworks */ = {
			isa = PBXFrameworksBuildPhase;
			buildActionMask = 2147483647;
			files = (
			);
			runOnlyForDeploymentPostprocessing = 0;
		};
		4DE44BAC1FBCB99800D5A947 /* Frameworks */ = {
			isa = PBXFrameworksBuildPhase;
			buildActionMask = 2147483647;
			files = (
			);
			runOnlyForDeploymentPostprocessing = 0;
		};
/* End PBXFrameworksBuildPhase section */

/* Begin PBXGroup section */
		4DE44B871FBCB99700D5A947 = {
			isa = PBXGroup;
			children = (
				4DE44B921FBCB99700D5A947 /* Twitter_test */,
				4DE44BA71FBCB99800D5A947 /* Twitter_testTests */,
				4DE44BB21FBCB99800D5A947 /* Twitter_testUITests */,
				4DE44B911FBCB99700D5A947 /* Products */,
			);
			sourceTree = "<group>";
		};
		4DE44B911FBCB99700D5A947 /* Products */ = {
			isa = PBXGroup;
			children = (
				4DE44B901FBCB99700D5A947 /* Twitter_test.app */,
				4DE44BA41FBCB99800D5A947 /* Twitter_testTests.xctest */,
				4DE44BAF1FBCB99800D5A947 /* Twitter_testUITests.xctest */,
			);
			name = Products;
			sourceTree = "<group>";
		};
		4DE44B921FBCB99700D5A947 /* Twitter_test */ = {
			isa = PBXGroup;
			children = (
				4DE44B931FBCB99700D5A947 /* AppDelegate.swift */,
				4DE44B951FBCB99800D5A947 /* ViewController.swift */,
				4DE44B971FBCB99800D5A947 /* Main.storyboard */,
				4DE44B9A1FBCB99800D5A947 /* Assets.xcassets */,
				4DE44B9C1FBCB99800D5A947 /* LaunchScreen.storyboard */,
				4DE44B9F1FBCB99800D5A947 /* Info.plist */,
			);
			path = Twitter_test;
			sourceTree = "<group>";
		};
		4DE44BA71FBCB99800D5A947 /* Twitter_testTests */ = {
			isa = PBXGroup;
			children = (
				4DE44BA81FBCB99800D5A947 /* Twitter_testTests.swift */,
				4DE44BAA1FBCB99800D5A947 /* Info.plist */,
			);
			path = Twitter_testTests;
			sourceTree = "<group>";
		};
		4DE44BB21FBCB99800D5A947 /* Twitter_testUITests */ = {
			isa = PBXGroup;
			children = (
				4DE44BB31FBCB99800D5A947 /* Twitter_testUITests.swift */,
				4DE44BB51FBCB99800D5A947 /* Info.plist */,
			);
			path = Twitter_testUITests;
			sourceTree = "<group>";
		};
/* End PBXGroup section */

/* Begin PBXNativeTarget section */
		4DE44B8F1FBCB99700D5A947 /* Twitter_test */ = {
			isa = PBXNativeTarget;
			buildConfigurationList = 4DE44BB81FBCB99800D5A947 /* Build configuration list for PBXNativeTarget "Twitter_test" */;
			buildPhases = (
				4DE44B8C1FBCB99700D5A947 /* Sources */,
				4DE44B8D1FBCB99700D5A947 /* Frameworks */,
				4DE44B8E1FBCB99700D5A947 /* Resources */,
			);
			buildRules = (
			);
			dependencies = (
			);
			name = Twitter_test;
			productName = Twitter_test;
			productReference = 4DE44B901FBCB99700D5A947 /* Twitter_test.app */;
			productType = "com.apple.product-type.application";
		};
		4DE44BA31FBCB99800D5A947 /* Twitter_testTests */ = {
			isa = PBXNativeTarget;
			buildConfigurationList = 4DE44BBB1FBCB99800D5A947 /* Build configuration list for PBXNativeTarget "Twitter_testTests" */;
			buildPhases = (
				4DE44BA01FBCB99800D5A947 /* Sources */,
				4DE44BA11FBCB99800D5A947 /* Frameworks */,
				4DE44BA21FBCB99800D5A947 /* Resources */,
			);
			buildRules = (
			);
			dependencies = (
				4DE44BA61FBCB99800D5A947 /* PBXTargetDependency */,
			);
			name = Twitter_testTests;
			productName = Twitter_testTests;
			productReference = 4DE44BA41FBCB99800D5A947 /* Twitter_testTests.xctest */;
			productType = "com.apple.product-type.bundle.unit-test";
		};
		4DE44BAE1FBCB99800D5A947 /* Twitter_testUITests */ = {
			isa = PBXNativeTarget;
			buildConfigurationList = 4DE44BBE1FBCB99800D5A947 /* Build configuration list for PBXNativeTarget "Twitter_testUITests" */;
			buildPhases = (
				4DE44BAB1FBCB99800D5A947 /* Sources */,
				4DE44BAC1FBCB99800D5A947 /* Frameworks */,
				4DE44BAD1FBCB99800D5A947 /* Resources */,
			);
			buildRules = (
			);
			dependencies = (
				4DE44BB11FBCB99800D5A947 /* PBXTargetDependency */,
			);
			name = Twitter_testUITests;
			productName = Twitter_testUITests;
			productReference = 4DE44BAF1FBCB99800D5A947 /* Twitter_testUITests.xctest */;
			productType = "com.apple.product-type.bundle.ui-testing";
		};
/* End PBXNativeTarget section */

/* Begin PBXProject section */
		4DE44B881FBCB99700D5A947 /* Project object */ = {
			isa = PBXProject;
			attributes = {
				LastSwiftUpdateCheck = 0910;
				LastUpgradeCheck = 0910;
				ORGANIZATIONNAME = "Anastasia Krasnova";
				TargetAttributes = {
					4DE44B8F1FBCB99700D5A947 = {
						CreatedOnToolsVersion = 9.1;
						ProvisioningStyle = Automatic;
					};
					4DE44BA31FBCB99800D5A947 = {
						CreatedOnToolsVersion = 9.1;
						ProvisioningStyle = Automatic;
						TestTargetID = 4DE44B8F1FBCB99700D5A947;
					};
					4DE44BAE1FBCB99800D5A947 = {
						CreatedOnToolsVersion = 9.1;
						ProvisioningStyle = Automatic;
						TestTargetID = 4DE44B8F1FBCB99700D5A947;
					};
				};
			};
			buildConfigurationList = 4DE44B8B1FBCB99700D5A947 /* Build configuration list for PBXProject "Twitter_test" */;
			compatibilityVersion = "Xcode 8.0";
			developmentRegion = en;
			hasScannedForEncodings = 0;
			knownRegions = (
				en,
				Base,
			);
			mainGroup = 4DE44B871FBCB99700D5A947;
			productRefGroup = 4DE44B911FBCB99700D5A947 /* Products */;
			projectDirPath = "";
			projectRoot = "";
			targets = (
				4DE44B8F1FBCB99700D5A947 /* Twitter_test */,
				4DE44BA31FBCB99800D5A947 /* Twitter_testTests */,
				4DE44BAE1FBCB99800D5A947 /* Twitter_testUITests */,
			);
		};
/* End PBXProject section */

/* Begin PBXResourcesBuildPhase section */
		4DE44B8E1FBCB99700D5A947 /* Resources */ = {
			isa = PBXResourcesBuildPhase;
			buildActionMask = 2147483647;
			files = (
				4DE44B9E1FBCB99800D5A947 /* LaunchScreen.storyboard in Resources */,
				4DE44B9B1FBCB99800D5A947 /* Assets.xcassets in Resources */,
				4DE44B991FBCB99800D5A947 /* Main.storyboard in Resources */,
			);
			runOnlyForDeploymentPostprocessing = 0;
		};
		4DE44BA21FBCB99800D5A947 /* Resources */ = {
			isa = PBXResourcesBuildPhase;
			buildActionMask = 2147483647;
			files = (
			);
			runOnlyForDeploymentPostprocessing = 0;
		};
		4DE44BAD1FBCB99800D5A947 /* Resources */ = {
			isa = PBXResourcesBuildPhase;
			buildActionMask = 2147483647;
			files = (
			);
			runOnlyForDeploymentPostprocessing = 0;
		};
/* End PBXResourcesBuildPhase section */

/* Begin PBXSourcesBuildPhase section */
		4DE44B8C1FBCB99700D5A947 /* Sources */ = {
			isa = PBXSourcesBuildPhase;
			buildActionMask = 2147483647;
			files = (
				4DE44B961FBCB99800D5A947 /* ViewController.swift in Sources */,
				4DE44B941FBCB99700D5A947 /* AppDelegate.swift in Sources */,
			);
			runOnlyForDeploymentPostprocessing = 0;
		};
		4DE44BA01FBCB99800D5A947 /* Sources */ = {
			isa = PBXSourcesBuildPhase;
			buildActionMask = 2147483647;
			files = (
				4DE44BA91FBCB99800D5A947 /* Twitter_testTests.swift in Sources */,
			);
			runOnlyForDeploymentPostprocessing = 0;
		};
		4DE44BAB1FBCB99800D5A947 /* Sources */ = {
			isa = PBXSourcesBuildPhase;
			buildActionMask = 2147483647;
			files = (
				4DE44BB41FBCB99800D5A947 /* Twitter_testUITests.swift in Sources */,
			);
			runOnlyForDeploymentPostprocessing = 0;
		};
/* End PBXSourcesBuildPhase section */

/* Begin PBXTargetDependency section */
		4DE44BA61FBCB99800D5A947 /* PBXTargetDependency */ = {
			isa = PBXTargetDependency;
			target = 4DE44B8F1FBCB99700D5A947 /* Twitter_test */;
			targetProxy = 4DE44BA51FBCB99800D5A947 /* PBXContainerItemProxy */;
		};
		4DE44BB11FBCB99800D5A947 /* PBXTargetDependency */ = {
			isa = PBXTargetDependency;
			target = 4DE44B8F1FBCB99700D5A947 /* Twitter_test */;
			targetProxy = 4DE44BB01FBCB99800D5A947 /* PBXContainerItemProxy */;
		};
/* End PBXTargetDependency section */

/* Begin PBXVariantGroup section */
		4DE44B971FBCB99800D5A947 /* Main.storyboard */ = {
			isa = PBXVariantGroup;
			children = (
				4DE44B981FBCB99800D5A947 /* Base */,
			);
			name = Main.storyboard;
			sourceTree = "<group>";
		};
		4DE44B9C1FBCB99800D5A947 /* LaunchScreen.storyboard */ = {
			isa = PBXVariantGroup;
			children = (
				4DE44B9D1FBCB99800D5A947 /* Base */,
			);
			name = LaunchScreen.storyboard;
			sourceTree = "<group>";
		};
/* End PBXVariantGroup section */

/* Begin XCBuildConfiguration section */
		4DE44BB61FBCB99800D5A947 /* Debug */ = {
			isa = XCBuildConfiguration;
			buildSettings = {
				ALWAYS_SEARCH_USER_PATHS = NO;
				CLANG_ANALYZER_NONNULL = YES;
				CLANG_ANALYZER_NUMBER_OBJECT_CONVERSION = YES_AGGRESSIVE;
				CLANG_CXX_LANGUAGE_STANDARD = "gnu++14";
				CLANG_CXX_LIBRARY = "libc++";
				CLANG_ENABLE_MODULES = YES;
				CLANG_ENABLE_OBJC_ARC = YES;
				CLANG_WARN_BLOCK_CAPTURE_AUTORELEASING = YES;
				CLANG_WARN_BOOL_CONVERSION = YES;
				CLANG_WARN_COMMA = YES;
				CLANG_WARN_CONSTANT_CONVERSION = YES;
				CLANG_WARN_DIRECT_OBJC_ISA_USAGE = YES_ERROR;
				CLANG_WARN_DOCUMENTATION_COMMENTS = YES;
				CLANG_WARN_EMPTY_BODY = YES;
				CLANG_WARN_ENUM_CONVERSION = YES;
				CLANG_WARN_INFINITE_RECURSION = YES;
				CLANG_WARN_INT_CONVERSION = YES;
				CLANG_WARN_NON_LITERAL_NULL_CONVERSION = YES;
				CLANG_WARN_OBJC_LITERAL_CONVERSION = YES;
				CLANG_WARN_OBJC_ROOT_CLASS = YES_ERROR;
				CLANG_WARN_RANGE_LOOP_ANALYSIS = YES;
				CLANG_WARN_STRICT_PROTOTYPES = YES;
				CLANG_WARN_SUSPICIOUS_MOVE = YES;
				CLANG_WARN_UNGUARDED_AVAILABILITY = YES_AGGRESSIVE;
				CLANG_WARN_UNREACHABLE_CODE = YES;
				CLANG_WARN__DUPLICATE_METHOD_MATCH = YES;
				CODE_SIGN_IDENTITY = "iPhone Developer";
				COPY_PHASE_STRIP = NO;
				DEBUG_INFORMATION_FORMAT = dwarf;
				ENABLE_STRICT_OBJC_MSGSEND = YES;
				ENABLE_TESTABILITY = YES;
				GCC_C_LANGUAGE_STANDARD = gnu11;
				GCC_DYNAMIC_NO_PIC = NO;
				GCC_NO_COMMON_BLOCKS = YES;
				GCC_OPTIMIZATION_LEVEL = 0;
				GCC_PREPROCESSOR_DEFINITIONS = (
					"DEBUG=1",
					"$(inherited)",
				);
				GCC_WARN_64_TO_32_BIT_CONVERSION = YES;
				GCC_WARN_ABOUT_RETURN_TYPE = YES_ERROR;
				GCC_WARN_UNDECLARED_SELECTOR = YES;
				GCC_WARN_UNINITIALIZED_AUTOS = YES_AGGRESSIVE;
				GCC_WARN_UNUSED_FUNCTION = YES;
				GCC_WARN_UNUSED_VARIABLE = YES;
				IPHONEOS_DEPLOYMENT_TARGET = 11.1;
				MTL_ENABLE_DEBUG_INFO = YES;
				ONLY_ACTIVE_ARCH = YES;
				SDKROOT = iphoneos;
				SWIFT_ACTIVE_COMPILATION_CONDITIONS = DEBUG;
				SWIFT_OPTIMIZATION_LEVEL = "-Onone";
			};
			name = Debug;
		};
		4DE44BB71FBCB99800D5A947 /* Release */ = {
			isa = XCBuildConfiguration;
			buildSettings = {
				ALWAYS_SEARCH_USER_PATHS = NO;
				CLANG_ANALYZER_NONNULL = YES;
				CLANG_ANALYZER_NUMBER_OBJECT_CONVERSION = YES_AGGRESSIVE;
				CLANG_CXX_LANGUAGE_STANDARD = "gnu++14";
				CLANG_CXX_LIBRARY = "libc++";
				CLANG_ENABLE_MODULES = YES;
				CLANG_ENABLE_OBJC_ARC = YES;
				CLANG_WARN_BLOCK_CAPTURE_AUTORELEASING = YES;
				CLANG_WARN_BOOL_CONVERSION = YES;
				CLANG_WARN_COMMA = YES;
				CLANG_WARN_CONSTANT_CONVERSION = YES;
				CLANG_WARN_DIRECT_OBJC_ISA_USAGE = YES_ERROR;
				CLANG_WARN_DOCUMENTATION_COMMENTS = YES;
				CLANG_WARN_EMPTY_BODY = YES;
				CLANG_WARN_ENUM_CONVERSION = YES;
				CLANG_WARN_INFINITE_RECURSION = YES;
				CLANG_WARN_INT_CONVERSION = YES;
				CLANG_WARN_NON_LITERAL_NULL_CONVERSION = YES;
				CLANG_WARN_OBJC_LITERAL_CONVERSION = YES;
				CLANG_WARN_OBJC_ROOT_CLASS = YES_ERROR;
				CLANG_WARN_RANGE_LOOP_ANALYSIS = YES;
				CLANG_WARN_STRICT_PROTOTYPES = YES;
				CLANG_WARN_SUSPICIOUS_MOVE = YES;
				CLANG_WARN_UNGUARDED_AVAILABILITY = YES_AGGRESSIVE;
				CLANG_WARN_UNREACHABLE_CODE = YES;
				CLANG_WARN__DUPLICATE_METHOD_MATCH = YES;
				CODE_SIGN_IDENTITY = "iPhone Developer";
				COPY_PHASE_STRIP = NO;
				DEBUG_INFORMATION_FORMAT = "dwarf-with-dsym";
				ENABLE_NS_ASSERTIONS = NO;
				ENABLE_STRICT_OBJC_MSGSEND = YES;
				GCC_C_LANGUAGE_STANDARD = gnu11;
				GCC_NO_COMMON_BLOCKS = YES;
				GCC_WARN_64_TO_32_BIT_CONVERSION = YES;
				GCC_WARN_ABOUT_RETURN_TYPE = YES_ERROR;
				GCC_WARN_UNDECLARED_SELECTOR = YES;
				GCC_WARN_UNINITIALIZED_AUTOS = YES_AGGRESSIVE;
				GCC_WARN_UNUSED_FUNCTION = YES;
				GCC_WARN_UNUSED_VARIABLE = YES;
				IPHONEOS_DEPLOYMENT_TARGET = 11.1;
				MTL_ENABLE_DEBUG_INFO = NO;
				SDKROOT = iphoneos;
				SWIFT_OPTIMIZATION_LEVEL = "-Owholemodule";
				VALIDATE_PRODUCT = YES;
			};
			name = Release;
		};
		4DE44BB91FBCB99800D5A947 /* Debug */ = {
			isa = XCBuildConfiguration;
			buildSettings = {
				ASSETCATALOG_COMPILER_APPICON_NAME = AppIcon;
				CODE_SIGN_STYLE = Automatic;
				INFOPLIST_FILE = Twitter_test/Info.plist;
				LD_RUNPATH_SEARCH_PATHS = "$(inherited) @executable_path/Frameworks";
				PRODUCT_BUNDLE_IDENTIFIER = "Home.Twitter-test";
				PRODUCT_NAME = "$(TARGET_NAME)";
				SWIFT_VERSION = 4.0;
				TARGETED_DEVICE_FAMILY = "1,2";
			};
			name = Debug;
		};
		4DE44BBA1FBCB99800D5A947 /* Release */ = {
			isa = XCBuildConfiguration;
			buildSettings = {
				ASSETCATALOG_COMPILER_APPICON_NAME = AppIcon;
				CODE_SIGN_STYLE = Automatic;
				INFOPLIST_FILE = Twitter_test/Info.plist;
				LD_RUNPATH_SEARCH_PATHS = "$(inherited) @executable_path/Frameworks";
				PRODUCT_BUNDLE_IDENTIFIER = "Home.Twitter-test";
				PRODUCT_NAME = "$(TARGET_NAME)";
				SWIFT_VERSION = 4.0;
				TARGETED_DEVICE_FAMILY = "1,2";
			};
			name = Release;
		};
		4DE44BBC1FBCB99800D5A947 /* Debug */ = {
			isa = XCBuildConfiguration;
			buildSettings = {
				ALWAYS_EMBED_SWIFT_STANDARD_LIBRARIES = YES;
				BUNDLE_LOADER = "$(TEST_HOST)";
				CODE_SIGN_STYLE = Automatic;
				INFOPLIST_FILE = Twitter_testTests/Info.plist;
				LD_RUNPATH_SEARCH_PATHS = "$(inherited) @executable_path/Frameworks @loader_path/Frameworks";
				PRODUCT_BUNDLE_IDENTIFIER = "Home.Twitter-testTests";
				PRODUCT_NAME = "$(TARGET_NAME)";
				SWIFT_VERSION = 4.0;
				TARGETED_DEVICE_FAMILY = "1,2";
				TEST_HOST = "$(BUILT_PRODUCTS_DIR)/Twitter_test.app/Twitter_test";
			};
			name = Debug;
		};
		4DE44BBD1FBCB99800D5A947 /* Release */ = {
			isa = XCBuildConfiguration;
			buildSettings = {
				ALWAYS_EMBED_SWIFT_STANDARD_LIBRARIES = YES;
				BUNDLE_LOADER = "$(TEST_HOST)";
				CODE_SIGN_STYLE = Automatic;
				INFOPLIST_FILE = Twitter_testTests/Info.plist;
				LD_RUNPATH_SEARCH_PATHS = "$(inherited) @executable_path/Frameworks @loader_path/Frameworks";
				PRODUCT_BUNDLE_IDENTIFIER = "Home.Twitter-testTests";
				PRODUCT_NAME = "$(TARGET_NAME)";
				SWIFT_VERSION = 4.0;
				TARGETED_DEVICE_FAMILY = "1,2";
				TEST_HOST = "$(BUILT_PRODUCTS_DIR)/Twitter_test.app/Twitter_test";
			};
			name = Release;
		};
		4DE44BBF1FBCB99800D5A947 /* Debug */ = {
			isa = XCBuildConfiguration;
			buildSettings = {
				ALWAYS_EMBED_SWIFT_STANDARD_LIBRARIES = YES;
				CODE_SIGN_STYLE = Automatic;
				INFOPLIST_FILE = Twitter_testUITests/Info.plist;
				LD_RUNPATH_SEARCH_PATHS = "$(inherited) @executable_path/Frameworks @loader_path/Frameworks";
				PRODUCT_BUNDLE_IDENTIFIER = "Home.Twitter-testUITests";
				PRODUCT_NAME = "$(TARGET_NAME)";
				SWIFT_VERSION = 4.0;
				TARGETED_DEVICE_FAMILY = "1,2";
				TEST_TARGET_NAME = Twitter_test;
			};
			name = Debug;
		};
		4DE44BC01FBCB99800D5A947 /* Release */ = {
			isa = XCBuildConfiguration;
			buildSettings = {
				ALWAYS_EMBED_SWIFT_STANDARD_LIBRARIES = YES;
				CODE_SIGN_STYLE = Automatic;
				INFOPLIST_FILE = Twitter_testUITests/Info.plist;
				LD_RUNPATH_SEARCH_PATHS = "$(inherited) @executable_path/Frameworks @loader_path/Frameworks";
				PRODUCT_BUNDLE_IDENTIFIER = "Home.Twitter-testUITests";
				PRODUCT_NAME = "$(TARGET_NAME)";
				SWIFT_VERSION = 4.0;
				TARGETED_DEVICE_FAMILY = "1,2";
				TEST_TARGET_NAME = Twitter_test;
			};
			name = Release;
		};
/* End XCBuildConfiguration section */

/* Begin XCConfigurationList section */
		4DE44B8B1FBCB99700D5A947 /* Build configuration list for PBXProject "Twitter_test" */ = {
			isa = XCConfigurationList;
			buildConfigurations = (
				4DE44BB61FBCB99800D5A947 /* Debug */,
				4DE44BB71FBCB99800D5A947 /* Release */,
			);
			defaultConfigurationIsVisible = 0;
			defaultConfigurationName = Release;
		};
		4DE44BB81FBCB99800D5A947 /* Build configuration list for PBXNativeTarget "Twitter_test" */ = {
			isa = XCConfigurationList;
			buildConfigurations = (
				4DE44BB91FBCB99800D5A947 /* Debug */,
				4DE44BBA1FBCB99800D5A947 /* Release */,
			);
			defaultConfigurationIsVisible = 0;
			defaultConfigurationName = Release;
		};
		4DE44BBB1FBCB99800D5A947 /* Build configuration list for PBXNativeTarget "Twitter_testTests" */ = {
			isa = XCConfigurationList;
			buildConfigurations = (
				4DE44BBC1FBCB99800D5A947 /* Debug */,
				4DE44BBD1FBCB99800D5A947 /* Release */,
			);
			defaultConfigurationIsVisible = 0;
			defaultConfigurationName = Release;
		};
		4DE44BBE1FBCB99800D5A947 /* Build configuration list for PBXNativeTarget "Twitter_testUITests" */ = {
			isa = XCConfigurationList;
			buildConfigurations = (
				4DE44BBF1FBCB99800D5A947 /* Debug */,
				4DE44BC01FBCB99800D5A947 /* Release */,
			);
			defaultConfigurationIsVisible = 0;
			defaultConfigurationName = Release;
		};
/* End XCConfigurationList section */
	};
	rootObject = 4DE44B881FBCB99700D5A947 /* Project object */;
}
